
Microsoft Visual Studio Solution File, Format Version 12.00
# Visual Studio 2012
Project("{FAE04EC0-301F-11D3-BF4B-00C04F79EFBC}") = "ToneGenerator", "ToneGenerator\ToneGenerator.csproj", "{6ED8E6BD-9E1B-4BBD-A524-B16C14D1F821}"
EndProject
Global
	GlobalSection(TeamFoundationVersionControl) = preSolution
		SccNumberOfProjects = 2
		SccEnterpriseProvider = {4CA58AB2-18FA-4F8D-95D4-32DDF27D184C}
		SccTeamFoundationServer = https://yongyi781.tfspreview.com/defaultcollection
		SccLocalPath0 = .
		SccProjectUniqueName1 = ToneGenerator\\ToneGenerator.csproj
		SccProjectName1 = ToneGenerator
		SccLocalPath1 = ToneGenerator
	EndGlobalSection
	GlobalSection(SolutionConfigurationPlatforms) = preSolution
		Debug|Any CPU = Debug|Any CPU
		Release|Any CPU = Release|Any CPU
	EndGlobalSection
	GlobalSection(ProjectConfigurationPlatforms) = postSolution
		{6ED8E6BD-9E1B-4BBD-A524-B16C14D1F821}.Debug|Any CPU.ActiveCfg = Debug|Any CPU
		{6ED8E6BD-9E1B-4BBD-A524-B16C14D1F821}.Debug|Any CPU.Build.0 = Debug|Any CPU
		{6ED8E6BD-9E1B-4BBD-A524-B16C14D1F821}.Release|Any CPU.ActiveCfg = Release|Any CPU
		{6ED8E6BD-9E1B-4BBD-A524-B16C14D1F821}.Release|Any CPU.Build.0 = Release|Any CPU
	EndGlobalSection
	GlobalSection(SolutionProperties) = preSolution
		HideSolutionNode = FALSE
	EndGlobalSection
EndGlobal
